
Microsoft Visual Studio Solution File, Format Version 12.00
# Visual Studio Version 17
VisualStudioVersion = 17.7.34024.191
MinimumVisualStudioVersion = 10.0.40219.1
Project("{FAE04EC0-301F-11D3-BF4B-00C04F79EFBC}") = "MqttNetApplication", "MqttNetApplication\MqttNetApplication.csproj", "{766A8AF1-C4DA-4734-BE0B-DD428B39C8E4}"
EndProject
Global
	GlobalSection(SolutionConfigurationPlatforms) = preSolution
		Debug|Any CPU = Debug|Any CPU
		Release|Any CPU = Release|Any CPU
	EndGlobalSection
	GlobalSection(ProjectConfigurationPlatforms) = postSolution
		{766A8AF1-C4DA-4734-BE0B-DD428B39C8E4}.Debug|Any CPU.ActiveCfg = Debug|Any CPU
		{766A8AF1-C4DA-4734-BE0B-DD428B39C8E4}.Debug|Any CPU.Build.0 = Debug|Any CPU
		{766A8AF1-C4DA-4734-BE0B-DD428B39C8E4}.Release|Any CPU.ActiveCfg = Release|Any CPU
		{766A8AF1-C4DA-4734-BE0B-DD428B39C8E4}.Release|Any CPU.Build.0 = Release|Any CPU
	EndGlobalSection
	GlobalSection(SolutionProperties) = preSolution
		HideSolutionNode = FALSE
	EndGlobalSection
	GlobalSection(ExtensibilityGlobals) = postSolution
		SolutionGuid = {BE3C0F6F-7900-4E54-BFD0-19EEDD9A0200}
	EndGlobalSection
EndGlobal
